
Microsoft Visual Studio Solution File, Format Version 12.00
# Visual Studio Version 16
VisualStudioVersion = 16.0.31019.35
MinimumVisualStudioVersion = 10.0.40219.1
Project("{2150E333-8FDC-42A3-9474-1A3956D46DE8}") = "Services", "Services", "{8AD9F36C-E58F-4831-91E7-1D7CECCBED11}"
EndProject
Project("{2150E333-8FDC-42A3-9474-1A3956D46DE8}") = "WebApps", "WebApps", "{C6502E3F-F124-4518-AA0E-A1BCBE6516F6}"
EndProject
Project("{2150E333-8FDC-42A3-9474-1A3956D46DE8}") = "Cadastros", "Cadastros", "{33C50E6E-139A-4135-8732-D7753D05B177}"
EndProject
Project("{2150E333-8FDC-42A3-9474-1A3956D46DE8}") = "Catalogo", "Catalogo", "{6870E49D-5B6B-4F7C-BE9D-34082ADA4A9D}"
EndProject
Project("{2150E333-8FDC-42A3-9474-1A3956D46DE8}") = "Core", "Core", "{612FEE41-FC72-4083-A57F-A2A88FDB62B7}"
EndProject
Project("{2150E333-8FDC-42A3-9474-1A3956D46DE8}") = "Fiscal", "Fiscal", "{F8534F1C-A084-4BA1-8707-2BBB41F5518A}"
EndProject
Project("{2150E333-8FDC-42A3-9474-1A3956D46DE8}") = "Pagamentos", "Pagamentos", "{4E81C60D-8FED-4FAA-B707-03A807EFD957}"
EndProject
Project("{9A19103F-16F7-4668-BE54-9A1E7A4F7556}") = "NerdStore.Catalogo.Domain", "src\NerdStore.Catalogo.Domain\NerdStore.Catalogo.Domain.csproj", "{9B97C54D-CED4-4E68-92E2-0632CFBCFF18}"
EndProject
Project("{9A19103F-16F7-4668-BE54-9A1E7A4F7556}") = "NerdStore.Core", "src\NerdStore.Core\NerdStore.Core.csproj", "{F6515F7E-5804-4711-A9F4-545072BBEF9C}"
EndProject
Project("{2150E333-8FDC-42A3-9474-1A3956D46DE8}") = "Tests", "Tests", "{7C4CFC9D-4E22-4B62-AB90-99F826399E65}"
EndProject
Project("{9A19103F-16F7-4668-BE54-9A1E7A4F7556}") = "NerdStore.Catalogo.Domain.Tests", "tests\NerdStore.Catalogo.Domain.Tests\NerdStore.Catalogo.Domain.Tests.csproj", "{2746F905-5C8B-4A75-8331-2A8828ECF32B}"
EndProject
Project("{9A19103F-16F7-4668-BE54-9A1E7A4F7556}") = "NerdStore.Catalogo.Data", "NerdStore.Catalogo.Data\NerdStore.Catalogo.Data.csproj", "{EF2353F4-D75D-42B3-99B3-0876425C20F5}"
EndProject
Project("{9A19103F-16F7-4668-BE54-9A1E7A4F7556}") = "NerdStore.Catalogo.Application", "src\NerdStore.Catalogo.Application\NerdStore.Catalogo.Application.csproj", "{1DA996E6-EB35-43D0-940D-78CB5B3EF763}"
EndProject
Project("{9A19103F-16F7-4668-BE54-9A1E7A4F7556}") = "NerdStore.WebApp.MVC", "NerdStore.WebApp.MVC\NerdStore.WebApp.MVC.csproj", "{F0D5B184-7C7B-4BB8-9FC0-A5517502D613}"
EndProject
Project("{2150E333-8FDC-42A3-9474-1A3956D46DE8}") = "Vendas", "Vendas", "{62FC5EEE-48A1-4964-B80A-845F3C653901}"
EndProject
Project("{FAE04EC0-301F-11D3-BF4B-00C04F79EFBC}") = "NerdStore.Vendas.Domain", "src\NerdStore.Vendas.Domain\NerdStore.Vendas.Domain.csproj", "{885C1635-C7ED-42DA-894E-FCE47DADE89F}"
EndProject
Project("{FAE04EC0-301F-11D3-BF4B-00C04F79EFBC}") = "NerdStore.Vendas.Application", "src\NerdStore.Vendas.Application\NerdStore.Vendas.Application.csproj", "{E80E2B82-8AE4-45A0-99F5-8F81AAF20130}"
EndProject
Project("{FAE04EC0-301F-11D3-BF4B-00C04F79EFBC}") = "NerdStore.Vendas.Data", "src\NerdStore.Vendas.Data\NerdStore.Vendas.Data.csproj", "{42C652CB-F33B-492F-A47B-8D43C0857145}"
EndProject
Global
	GlobalSection(SolutionConfigurationPlatforms) = preSolution
		Debug|Any CPU = Debug|Any CPU
		Release|Any CPU = Release|Any CPU
	EndGlobalSection
	GlobalSection(ProjectConfigurationPlatforms) = postSolution
		{9B97C54D-CED4-4E68-92E2-0632CFBCFF18}.Debug|Any CPU.ActiveCfg = Debug|Any CPU
		{9B97C54D-CED4-4E68-92E2-0632CFBCFF18}.Debug|Any CPU.Build.0 = Debug|Any CPU
		{9B97C54D-CED4-4E68-92E2-0632CFBCFF18}.Release|Any CPU.ActiveCfg = Release|Any CPU
		{9B97C54D-CED4-4E68-92E2-0632CFBCFF18}.Release|Any CPU.Build.0 = Release|Any CPU
		{F6515F7E-5804-4711-A9F4-545072BBEF9C}.Debug|Any CPU.ActiveCfg = Debug|Any CPU
		{F6515F7E-5804-4711-A9F4-545072BBEF9C}.Debug|Any CPU.Build.0 = Debug|Any CPU
		{F6515F7E-5804-4711-A9F4-545072BBEF9C}.Release|Any CPU.ActiveCfg = Release|Any CPU
		{F6515F7E-5804-4711-A9F4-545072BBEF9C}.Release|Any CPU.Build.0 = Release|Any CPU
		{2746F905-5C8B-4A75-8331-2A8828ECF32B}.Debug|Any CPU.ActiveCfg = Debug|Any CPU
		{2746F905-5C8B-4A75-8331-2A8828ECF32B}.Debug|Any CPU.Build.0 = Debug|Any CPU
		{2746F905-5C8B-4A75-8331-2A8828ECF32B}.Release|Any CPU.ActiveCfg = Release|Any CPU
		{2746F905-5C8B-4A75-8331-2A8828ECF32B}.Release|Any CPU.Build.0 = Release|Any CPU
		{EF2353F4-D75D-42B3-99B3-0876425C20F5}.Debug|Any CPU.ActiveCfg = Debug|Any CPU
		{EF2353F4-D75D-42B3-99B3-0876425C20F5}.Debug|Any CPU.Build.0 = Debug|Any CPU
		{EF2353F4-D75D-42B3-99B3-0876425C20F5}.Release|Any CPU.ActiveCfg = Release|Any CPU
		{EF2353F4-D75D-42B3-99B3-0876425C20F5}.Release|Any CPU.Build.0 = Release|Any CPU
		{1DA996E6-EB35-43D0-940D-78CB5B3EF763}.Debug|Any CPU.ActiveCfg = Debug|Any CPU
		{1DA996E6-EB35-43D0-940D-78CB5B3EF763}.Debug|Any CPU.Build.0 = Debug|Any CPU
		{1DA996E6-EB35-43D0-940D-78CB5B3EF763}.Release|Any CPU.ActiveCfg = Release|Any CPU
		{1DA996E6-EB35-43D0-940D-78CB5B3EF763}.Release|Any CPU.Build.0 = Release|Any CPU
		{F0D5B184-7C7B-4BB8-9FC0-A5517502D613}.Debug|Any CPU.ActiveCfg = Debug|Any CPU
		{F0D5B184-7C7B-4BB8-9FC0-A5517502D613}.Debug|Any CPU.Build.0 = Debug|Any CPU
		{F0D5B184-7C7B-4BB8-9FC0-A5517502D613}.Release|Any CPU.ActiveCfg = Release|Any CPU
		{F0D5B184-7C7B-4BB8-9FC0-A5517502D613}.Release|Any CPU.Build.0 = Release|Any CPU
		{885C1635-C7ED-42DA-894E-FCE47DADE89F}.Debug|Any CPU.ActiveCfg = Debug|Any CPU
		{885C1635-C7ED-42DA-894E-FCE47DADE89F}.Debug|Any CPU.Build.0 = Debug|Any CPU
		{885C1635-C7ED-42DA-894E-FCE47DADE89F}.Release|Any CPU.ActiveCfg = Release|Any CPU
		{885C1635-C7ED-42DA-894E-FCE47DADE89F}.Release|Any CPU.Build.0 = Release|Any CPU
		{E80E2B82-8AE4-45A0-99F5-8F81AAF20130}.Debug|Any CPU.ActiveCfg = Debug|Any CPU
		{E80E2B82-8AE4-45A0-99F5-8F81AAF20130}.Debug|Any CPU.Build.0 = Debug|Any CPU
		{E80E2B82-8AE4-45A0-99F5-8F81AAF20130}.Release|Any CPU.ActiveCfg = Release|Any CPU
		{E80E2B82-8AE4-45A0-99F5-8F81AAF20130}.Release|Any CPU.Build.0 = Release|Any CPU
		{42C652CB-F33B-492F-A47B-8D43C0857145}.Debug|Any CPU.ActiveCfg = Debug|Any CPU
		{42C652CB-F33B-492F-A47B-8D43C0857145}.Debug|Any CPU.Build.0 = Debug|Any CPU
		{42C652CB-F33B-492F-A47B-8D43C0857145}.Release|Any CPU.ActiveCfg = Release|Any CPU
		{42C652CB-F33B-492F-A47B-8D43C0857145}.Release|Any CPU.Build.0 = Release|Any CPU
	EndGlobalSection
	GlobalSection(SolutionProperties) = preSolution
		HideSolutionNode = FALSE
	EndGlobalSection
	GlobalSection(NestedProjects) = preSolution
		{33C50E6E-139A-4135-8732-D7753D05B177} = {8AD9F36C-E58F-4831-91E7-1D7CECCBED11}
		{6870E49D-5B6B-4F7C-BE9D-34082ADA4A9D} = {8AD9F36C-E58F-4831-91E7-1D7CECCBED11}
		{612FEE41-FC72-4083-A57F-A2A88FDB62B7} = {8AD9F36C-E58F-4831-91E7-1D7CECCBED11}
		{F8534F1C-A084-4BA1-8707-2BBB41F5518A} = {8AD9F36C-E58F-4831-91E7-1D7CECCBED11}
		{4E81C60D-8FED-4FAA-B707-03A807EFD957} = {8AD9F36C-E58F-4831-91E7-1D7CECCBED11}
		{9B97C54D-CED4-4E68-92E2-0632CFBCFF18} = {6870E49D-5B6B-4F7C-BE9D-34082ADA4A9D}
		{F6515F7E-5804-4711-A9F4-545072BBEF9C} = {612FEE41-FC72-4083-A57F-A2A88FDB62B7}
		{7C4CFC9D-4E22-4B62-AB90-99F826399E65} = {6870E49D-5B6B-4F7C-BE9D-34082ADA4A9D}
		{2746F905-5C8B-4A75-8331-2A8828ECF32B} = {7C4CFC9D-4E22-4B62-AB90-99F826399E65}
		{EF2353F4-D75D-42B3-99B3-0876425C20F5} = {6870E49D-5B6B-4F7C-BE9D-34082ADA4A9D}
		{1DA996E6-EB35-43D0-940D-78CB5B3EF763} = {6870E49D-5B6B-4F7C-BE9D-34082ADA4A9D}
		{F0D5B184-7C7B-4BB8-9FC0-A5517502D613} = {C6502E3F-F124-4518-AA0E-A1BCBE6516F6}
		{62FC5EEE-48A1-4964-B80A-845F3C653901} = {8AD9F36C-E58F-4831-91E7-1D7CECCBED11}
		{885C1635-C7ED-42DA-894E-FCE47DADE89F} = {62FC5EEE-48A1-4964-B80A-845F3C653901}
		{E80E2B82-8AE4-45A0-99F5-8F81AAF20130} = {62FC5EEE-48A1-4964-B80A-845F3C653901}
		{42C652CB-F33B-492F-A47B-8D43C0857145} = {62FC5EEE-48A1-4964-B80A-845F3C653901}
	EndGlobalSection
	GlobalSection(ExtensibilityGlobals) = postSolution
		SolutionGuid = {32D0DFC7-020B-4C76-8298-4859C95AC139}
	EndGlobalSection
EndGlobal
